
Microsoft Visual Studio Solution File, Format Version 12.00
# Visual Studio Version 17
VisualStudioVersion = 17.6.33815.320
MinimumVisualStudioVersion = 10.0.40219.1
Project("{9A19103F-16F7-4668-BE54-9A1E7A4F7556}") = "VideoConferenceServer", "VideoConferenceServer\VideoConferenceServer.csproj", "{90CF2515-F91E-425B-A469-0A52E8D297E0}"
EndProject
Project("{9A19103F-16F7-4668-BE54-9A1E7A4F7556}") = "DL", "DL\DL.csproj", "{97C2B27E-F8DD-4878-8C0E-06E0BE225B1E}"
EndProject
Project("{9A19103F-16F7-4668-BE54-9A1E7A4F7556}") = "BL", "BL\BL.csproj", "{B809F80D-8D0F-4569-8999-3292FD1874C5}"
EndProject
Project("{9A19103F-16F7-4668-BE54-9A1E7A4F7556}") = "DTO", "DTO\DTO.csproj", "{FEF3050C-0E3D-4EAE-89DC-9D3647E96FCF}"
EndProject
Project("{9A19103F-16F7-4668-BE54-9A1E7A4F7556}") = "Entities", "Entities\Entities.csproj", "{87E85649-9E98-4894-A060-9497113AA80C}"
EndProject
Global
	GlobalSection(SolutionConfigurationPlatforms) = preSolution
		Debug|Any CPU = Debug|Any CPU
		Release|Any CPU = Release|Any CPU
	EndGlobalSection
	GlobalSection(ProjectConfigurationPlatforms) = postSolution
		{90CF2515-F91E-425B-A469-0A52E8D297E0}.Debug|Any CPU.ActiveCfg = Debug|Any CPU
		{90CF2515-F91E-425B-A469-0A52E8D297E0}.Debug|Any CPU.Build.0 = Debug|Any CPU
		{90CF2515-F91E-425B-A469-0A52E8D297E0}.Release|Any CPU.ActiveCfg = Release|Any CPU
		{90CF2515-F91E-425B-A469-0A52E8D297E0}.Release|Any CPU.Build.0 = Release|Any CPU
		{97C2B27E-F8DD-4878-8C0E-06E0BE225B1E}.Debug|Any CPU.ActiveCfg = Debug|Any CPU
		{97C2B27E-F8DD-4878-8C0E-06E0BE225B1E}.Debug|Any CPU.Build.0 = Debug|Any CPU
		{97C2B27E-F8DD-4878-8C0E-06E0BE225B1E}.Release|Any CPU.ActiveCfg = Release|Any CPU
		{97C2B27E-F8DD-4878-8C0E-06E0BE225B1E}.Release|Any CPU.Build.0 = Release|Any CPU
		{B809F80D-8D0F-4569-8999-3292FD1874C5}.Debug|Any CPU.ActiveCfg = Debug|Any CPU
		{B809F80D-8D0F-4569-8999-3292FD1874C5}.Debug|Any CPU.Build.0 = Debug|Any CPU
		{B809F80D-8D0F-4569-8999-3292FD1874C5}.Release|Any CPU.ActiveCfg = Release|Any CPU
		{B809F80D-8D0F-4569-8999-3292FD1874C5}.Release|Any CPU.Build.0 = Release|Any CPU
		{FEF3050C-0E3D-4EAE-89DC-9D3647E96FCF}.Debug|Any CPU.ActiveCfg = Debug|Any CPU
		{FEF3050C-0E3D-4EAE-89DC-9D3647E96FCF}.Debug|Any CPU.Build.0 = Debug|Any CPU
		{FEF3050C-0E3D-4EAE-89DC-9D3647E96FCF}.Release|Any CPU.ActiveCfg = Release|Any CPU
		{FEF3050C-0E3D-4EAE-89DC-9D3647E96FCF}.Release|Any CPU.Build.0 = Release|Any CPU
		{87E85649-9E98-4894-A060-9497113AA80C}.Debug|Any CPU.ActiveCfg = Debug|Any CPU
		{87E85649-9E98-4894-A060-9497113AA80C}.Debug|Any CPU.Build.0 = Debug|Any CPU
		{87E85649-9E98-4894-A060-9497113AA80C}.Release|Any CPU.ActiveCfg = Release|Any CPU
		{87E85649-9E98-4894-A060-9497113AA80C}.Release|Any CPU.Build.0 = Release|Any CPU
	EndGlobalSection
	GlobalSection(SolutionProperties) = preSolution
		HideSolutionNode = FALSE
	EndGlobalSection
	GlobalSection(ExtensibilityGlobals) = postSolution
		SolutionGuid = {6B0775F6-C978-4C11-8287-1FE46039EA22}
	EndGlobalSection
EndGlobal
